
Microsoft Visual Studio Solution File, Format Version 12.00
# Visual Studio 14
VisualStudioVersion = 14.0.23107.0
MinimumVisualStudioVersion = 10.0.40219.1
Project("{FAE04EC0-301F-11D3-BF4B-00C04F79EFBC}") = "BingoWallpaper.BackgroundTask", "BingoWallpaper.BackgroundTask\BingoWallpaper.BackgroundTask.csproj", "{F4FD2F70-F1AA-48D0-A1C8-5C70BEA2B3A2}"
EndProject
Project("{FAE04EC0-301F-11D3-BF4B-00C04F79EFBC}") = "BingoWallpaper.Models", "BingoWallpaper.Models\BingoWallpaper.Models.csproj", "{17729BC7-8098-462B-AB18-D2A034DB658B}"
EndProject
Project("{FAE04EC0-301F-11D3-BF4B-00C04F79EFBC}") = "BingoWallpaper.Services", "BingoWallpaper.Services\BingoWallpaper.Services.csproj", "{7D58C672-8C4A-4FC1-9B2F-ECB974937BF6}"
EndProject
Project("{D954291E-2A0B-460D-934E-DC6B0785DB48}") = "BingoWallpaper.Shared", "BingoWallpaper.Shared\BingoWallpaper.Shared.shproj", "{05DFD84B-F846-4BD5-BDD4-54B8E0C311FE}"
EndProject
Project("{FAE04EC0-301F-11D3-BF4B-00C04F79EFBC}") = "BingoWallpaper.ThirdParty", "BingoWallpaper.ThirdParty\BingoWallpaper.ThirdParty.csproj", "{BC68B9A8-82AA-4002-84F0-75152D376562}"
EndProject
Project("{FAE04EC0-301F-11D3-BF4B-00C04F79EFBC}") = "SoftwareKobo.Social.Sina.Weibo", "SoftwareKobo.Social.Sina.Weibo\SoftwareKobo.Social.Sina.Weibo.csproj", "{7076B845-958D-412C-BF79-C7A2E61A4BFF}"
EndProject
Project("{FAE04EC0-301F-11D3-BF4B-00C04F79EFBC}") = "BingoWallpaper", "BingoWallpaper\BingoWallpaper.csproj", "{EA7404E3-AE3B-4EEE-B026-075A4FEB21D2}"
EndProject
Project("{FAE04EC0-301F-11D3-BF4B-00C04F79EFBC}") = "MicroMsg.sdk", "MicroMsg.sdk\MicroMsg.sdk.csproj", "{22F41ADB-DD64-44D5-9C52-D2A31050503C}"
EndProject
Global
	GlobalSection(SharedMSBuildProjectFiles) = preSolution
		BingoWallpaper.Shared\BingoWallpaper.Shared.projitems*{05dfd84b-f846-4bd5-bdd4-54b8e0c311fe}*SharedItemsImports = 13
		BingoWallpaper.Shared\BingoWallpaper.Shared.projitems*{ea7404e3-ae3b-4eee-b026-075a4feb21d2}*SharedItemsImports = 4
		BingoWallpaper.Shared\BingoWallpaper.Shared.projitems*{f4fd2f70-f1aa-48d0-a1c8-5c70bea2b3a2}*SharedItemsImports = 4
	EndGlobalSection
	GlobalSection(SolutionConfigurationPlatforms) = preSolution
		Debug|Any CPU = Debug|Any CPU
		Debug|ARM = Debug|ARM
		Debug|x64 = Debug|x64
		Debug|x86 = Debug|x86
		Release|Any CPU = Release|Any CPU
		Release|ARM = Release|ARM
		Release|x64 = Release|x64
		Release|x86 = Release|x86
	EndGlobalSection
	GlobalSection(ProjectConfigurationPlatforms) = postSolution
		{F4FD2F70-F1AA-48D0-A1C8-5C70BEA2B3A2}.Debug|Any CPU.ActiveCfg = Debug|Any CPU
		{F4FD2F70-F1AA-48D0-A1C8-5C70BEA2B3A2}.Debug|Any CPU.Build.0 = Debug|Any CPU
		{F4FD2F70-F1AA-48D0-A1C8-5C70BEA2B3A2}.Debug|ARM.ActiveCfg = Debug|ARM
		{F4FD2F70-F1AA-48D0-A1C8-5C70BEA2B3A2}.Debug|ARM.Build.0 = Debug|ARM
		{F4FD2F70-F1AA-48D0-A1C8-5C70BEA2B3A2}.Debug|x64.ActiveCfg = Debug|x64
		{F4FD2F70-F1AA-48D0-A1C8-5C70BEA2B3A2}.Debug|x64.Build.0 = Debug|x64
		{F4FD2F70-F1AA-48D0-A1C8-5C70BEA2B3A2}.Debug|x86.ActiveCfg = Debug|x86
		{F4FD2F70-F1AA-48D0-A1C8-5C70BEA2B3A2}.Debug|x86.Build.0 = Debug|x86
		{F4FD2F70-F1AA-48D0-A1C8-5C70BEA2B3A2}.Release|Any CPU.ActiveCfg = Release|Any CPU
		{F4FD2F70-F1AA-48D0-A1C8-5C70BEA2B3A2}.Release|Any CPU.Build.0 = Release|Any CPU
		{F4FD2F70-F1AA-48D0-A1C8-5C70BEA2B3A2}.Release|ARM.ActiveCfg = Release|ARM
		{F4FD2F70-F1AA-48D0-A1C8-5C70BEA2B3A2}.Release|ARM.Build.0 = Release|ARM
		{F4FD2F70-F1AA-48D0-A1C8-5C70BEA2B3A2}.Release|x64.ActiveCfg = Release|x64
		{F4FD2F70-F1AA-48D0-A1C8-5C70BEA2B3A2}.Release|x64.Build.0 = Release|x64
		{F4FD2F70-F1AA-48D0-A1C8-5C70BEA2B3A2}.Release|x86.ActiveCfg = Release|x86
		{F4FD2F70-F1AA-48D0-A1C8-5C70BEA2B3A2}.Release|x86.Build.0 = Release|x86
		{17729BC7-8098-462B-AB18-D2A034DB658B}.Debug|Any CPU.ActiveCfg = Debug|Any CPU
		{17729BC7-8098-462B-AB18-D2A034DB658B}.Debug|Any CPU.Build.0 = Debug|Any CPU
		{17729BC7-8098-462B-AB18-D2A034DB658B}.Debug|ARM.ActiveCfg = Debug|ARM
		{17729BC7-8098-462B-AB18-D2A034DB658B}.Debug|ARM.Build.0 = Debug|ARM
		{17729BC7-8098-462B-AB18-D2A034DB658B}.Debug|x64.ActiveCfg = Debug|x64
		{17729BC7-8098-462B-AB18-D2A034DB658B}.Debug|x64.Build.0 = Debug|x64
		{17729BC7-8098-462B-AB18-D2A034DB658B}.Debug|x86.ActiveCfg = Debug|x86
		{17729BC7-8098-462B-AB18-D2A034DB658B}.Debug|x86.Build.0 = Debug|x86
		{17729BC7-8098-462B-AB18-D2A034DB658B}.Release|Any CPU.ActiveCfg = Release|Any CPU
		{17729BC7-8098-462B-AB18-D2A034DB658B}.Release|Any CPU.Build.0 = Release|Any CPU
		{17729BC7-8098-462B-AB18-D2A034DB658B}.Release|ARM.ActiveCfg = Release|ARM
		{17729BC7-8098-462B-AB18-D2A034DB658B}.Release|ARM.Build.0 = Release|ARM
		{17729BC7-8098-462B-AB18-D2A034DB658B}.Release|x64.ActiveCfg = Release|x64
		{17729BC7-8098-462B-AB18-D2A034DB658B}.Release|x64.Build.0 = Release|x64
		{17729BC7-8098-462B-AB18-D2A034DB658B}.Release|x86.ActiveCfg = Release|x86
		{17729BC7-8098-462B-AB18-D2A034DB658B}.Release|x86.Build.0 = Release|x86
		{7D58C672-8C4A-4FC1-9B2F-ECB974937BF6}.Debug|Any CPU.ActiveCfg = Debug|Any CPU
		{7D58C672-8C4A-4FC1-9B2F-ECB974937BF6}.Debug|Any CPU.Build.0 = Debug|Any CPU
		{7D58C672-8C4A-4FC1-9B2F-ECB974937BF6}.Debug|ARM.ActiveCfg = Debug|ARM
		{7D58C672-8C4A-4FC1-9B2F-ECB974937BF6}.Debug|ARM.Build.0 = Debug|ARM
		{7D58C672-8C4A-4FC1-9B2F-ECB974937BF6}.Debug|x64.ActiveCfg = Debug|x64
		{7D58C672-8C4A-4FC1-9B2F-ECB974937BF6}.Debug|x64.Build.0 = Debug|x64
		{7D58C672-8C4A-4FC1-9B2F-ECB974937BF6}.Debug|x86.ActiveCfg = Debug|x86
		{7D58C672-8C4A-4FC1-9B2F-ECB974937BF6}.Debug|x86.Build.0 = Debug|x86
		{7D58C672-8C4A-4FC1-9B2F-ECB974937BF6}.Release|Any CPU.ActiveCfg = Release|Any CPU
		{7D58C672-8C4A-4FC1-9B2F-ECB974937BF6}.Release|Any CPU.Build.0 = Release|Any CPU
		{7D58C672-8C4A-4FC1-9B2F-ECB974937BF6}.Release|ARM.ActiveCfg = Release|ARM
		{7D58C672-8C4A-4FC1-9B2F-ECB974937BF6}.Release|ARM.Build.0 = Release|ARM
		{7D58C672-8C4A-4FC1-9B2F-ECB974937BF6}.Release|x64.ActiveCfg = Release|x64
		{7D58C672-8C4A-4FC1-9B2F-ECB974937BF6}.Release|x64.Build.0 = Release|x64
		{7D58C672-8C4A-4FC1-9B2F-ECB974937BF6}.Release|x86.ActiveCfg = Release|x86
		{7D58C672-8C4A-4FC1-9B2F-ECB974937BF6}.Release|x86.Build.0 = Release|x86
		{BC68B9A8-82AA-4002-84F0-75152D376562}.Debug|Any CPU.ActiveCfg = Debug|Any CPU
		{BC68B9A8-82AA-4002-84F0-75152D376562}.Debug|Any CPU.Build.0 = Debug|Any CPU
		{BC68B9A8-82AA-4002-84F0-75152D376562}.Debug|ARM.ActiveCfg = Debug|ARM
		{BC68B9A8-82AA-4002-84F0-75152D376562}.Debug|ARM.Build.0 = Debug|ARM
		{BC68B9A8-82AA-4002-84F0-75152D376562}.Debug|x64.ActiveCfg = Debug|x64
		{BC68B9A8-82AA-4002-84F0-75152D376562}.Debug|x64.Build.0 = Debug|x64
		{BC68B9A8-82AA-4002-84F0-75152D376562}.Debug|x86.ActiveCfg = Debug|x86
		{BC68B9A8-82AA-4002-84F0-75152D376562}.Debug|x86.Build.0 = Debug|x86
		{BC68B9A8-82AA-4002-84F0-75152D376562}.Release|Any CPU.ActiveCfg = Release|Any CPU
		{BC68B9A8-82AA-4002-84F0-75152D376562}.Release|Any CPU.Build.0 = Release|Any CPU
		{BC68B9A8-82AA-4002-84F0-75152D376562}.Release|ARM.ActiveCfg = Release|ARM
		{BC68B9A8-82AA-4002-84F0-75152D376562}.Release|ARM.Build.0 = Release|ARM
		{BC68B9A8-82AA-4002-84F0-75152D376562}.Release|x64.ActiveCfg = Release|x64
		{BC68B9A8-82AA-4002-84F0-75152D376562}.Release|x64.Build.0 = Release|x64
		{BC68B9A8-82AA-4002-84F0-75152D376562}.Release|x86.ActiveCfg = Release|x86
		{BC68B9A8-82AA-4002-84F0-75152D376562}.Release|x86.Build.0 = Release|x86
		{7076B845-958D-412C-BF79-C7A2E61A4BFF}.Debug|Any CPU.ActiveCfg = Debug|Any CPU
		{7076B845-958D-412C-BF79-C7A2E61A4BFF}.Debug|Any CPU.Build.0 = Debug|Any CPU
		{7076B845-958D-412C-BF79-C7A2E61A4BFF}.Debug|ARM.ActiveCfg = Debug|ARM
		{7076B845-958D-412C-BF79-C7A2E61A4BFF}.Debug|ARM.Build.0 = Debug|ARM
		{7076B845-958D-412C-BF79-C7A2E61A4BFF}.Debug|x64.ActiveCfg = Debug|x64
		{7076B845-958D-412C-BF79-C7A2E61A4BFF}.Debug|x64.Build.0 = Debug|x64
		{7076B845-958D-412C-BF79-C7A2E61A4BFF}.Debug|x86.ActiveCfg = Debug|x86
		{7076B845-958D-412C-BF79-C7A2E61A4BFF}.Debug|x86.Build.0 = Debug|x86
		{7076B845-958D-412C-BF79-C7A2E61A4BFF}.Release|Any CPU.ActiveCfg = Release|Any CPU
		{7076B845-958D-412C-BF79-C7A2E61A4BFF}.Release|Any CPU.Build.0 = Release|Any CPU
		{7076B845-958D-412C-BF79-C7A2E61A4BFF}.Release|ARM.ActiveCfg = Release|ARM
		{7076B845-958D-412C-BF79-C7A2E61A4BFF}.Release|ARM.Build.0 = Release|ARM
		{7076B845-958D-412C-BF79-C7A2E61A4BFF}.Release|x64.ActiveCfg = Release|x64
		{7076B845-958D-412C-BF79-C7A2E61A4BFF}.Release|x64.Build.0 = Release|x64
		{7076B845-958D-412C-BF79-C7A2E61A4BFF}.Release|x86.ActiveCfg = Release|x86
		{7076B845-958D-412C-BF79-C7A2E61A4BFF}.Release|x86.Build.0 = Release|x86
		{EA7404E3-AE3B-4EEE-B026-075A4FEB21D2}.Debug|Any CPU.ActiveCfg = Debug|x86
		{EA7404E3-AE3B-4EEE-B026-075A4FEB21D2}.Debug|ARM.ActiveCfg = Debug|ARM
		{EA7404E3-AE3B-4EEE-B026-075A4FEB21D2}.Debug|ARM.Build.0 = Debug|ARM
		{EA7404E3-AE3B-4EEE-B026-075A4FEB21D2}.Debug|ARM.Deploy.0 = Debug|ARM
		{EA7404E3-AE3B-4EEE-B026-075A4FEB21D2}.Debug|x64.ActiveCfg = Debug|x64
		{EA7404E3-AE3B-4EEE-B026-075A4FEB21D2}.Debug|x64.Build.0 = Debug|x64
		{EA7404E3-AE3B-4EEE-B026-075A4FEB21D2}.Debug|x64.Deploy.0 = Debug|x64
		{EA7404E3-AE3B-4EEE-B026-075A4FEB21D2}.Debug|x86.ActiveCfg = Debug|x86
		{EA7404E3-AE3B-4EEE-B026-075A4FEB21D2}.Debug|x86.Build.0 = Debug|x86
		{EA7404E3-AE3B-4EEE-B026-075A4FEB21D2}.Debug|x86.Deploy.0 = Debug|x86
		{EA7404E3-AE3B-4EEE-B026-075A4FEB21D2}.Release|Any CPU.ActiveCfg = Release|x86
		{EA7404E3-AE3B-4EEE-B026-075A4FEB21D2}.Release|ARM.ActiveCfg = Release|ARM
		{EA7404E3-AE3B-4EEE-B026-075A4FEB21D2}.Release|ARM.Build.0 = Release|ARM
		{EA7404E3-AE3B-4EEE-B026-075A4FEB21D2}.Release|ARM.Deploy.0 = Release|ARM
		{EA7404E3-AE3B-4EEE-B026-075A4FEB21D2}.Release|x64.ActiveCfg = Release|x64
		{EA7404E3-AE3B-4EEE-B026-075A4FEB21D2}.Release|x64.Build.0 = Release|x64
		{EA7404E3-AE3B-4EEE-B026-075A4FEB21D2}.Release|x64.Deploy.0 = Release|x64
		{EA7404E3-AE3B-4EEE-B026-075A4FEB21D2}.Release|x86.ActiveCfg = Release|x86
		{EA7404E3-AE3B-4EEE-B026-075A4FEB21D2}.Release|x86.Build.0 = Release|x86
		{EA7404E3-AE3B-4EEE-B026-075A4FEB21D2}.Release|x86.Deploy.0 = Release|x86
		{22F41ADB-DD64-44D5-9C52-D2A31050503C}.Debug|Any CPU.ActiveCfg = Debug|Any CPU
		{22F41ADB-DD64-44D5-9C52-D2A31050503C}.Debug|Any CPU.Build.0 = Debug|Any CPU
		{22F41ADB-DD64-44D5-9C52-D2A31050503C}.Debug|ARM.ActiveCfg = Debug|ARM
		{22F41ADB-DD64-44D5-9C52-D2A31050503C}.Debug|ARM.Build.0 = Debug|ARM
		{22F41ADB-DD64-44D5-9C52-D2A31050503C}.Debug|x64.ActiveCfg = Debug|Any CPU
		{22F41ADB-DD64-44D5-9C52-D2A31050503C}.Debug|x64.Build.0 = Debug|Any CPU
		{22F41ADB-DD64-44D5-9C52-D2A31050503C}.Debug|x86.ActiveCfg = Debug|x86
		{22F41ADB-DD64-44D5-9C52-D2A31050503C}.Debug|x86.Build.0 = Debug|x86
		{22F41ADB-DD64-44D5-9C52-D2A31050503C}.Release|Any CPU.ActiveCfg = Release|Any CPU
		{22F41ADB-DD64-44D5-9C52-D2A31050503C}.Release|Any CPU.Build.0 = Release|Any CPU
		{22F41ADB-DD64-44D5-9C52-D2A31050503C}.Release|ARM.ActiveCfg = Release|ARM
		{22F41ADB-DD64-44D5-9C52-D2A31050503C}.Release|ARM.Build.0 = Release|ARM
		{22F41ADB-DD64-44D5-9C52-D2A31050503C}.Release|x64.ActiveCfg = Release|Any CPU
		{22F41ADB-DD64-44D5-9C52-D2A31050503C}.Release|x64.Build.0 = Release|Any CPU
		{22F41ADB-DD64-44D5-9C52-D2A31050503C}.Release|x86.ActiveCfg = Release|x86
		{22F41ADB-DD64-44D5-9C52-D2A31050503C}.Release|x86.Build.0 = Release|x86
	EndGlobalSection
	GlobalSection(SolutionProperties) = preSolution
		HideSolutionNode = FALSE
	EndGlobalSection
EndGlobal
